
Microsoft Visual Studio Solution File, Format Version 12.00
# Visual Studio Version 17
VisualStudioVersion = 17.14.36915.13 d17.14
MinimumVisualStudioVersion = 10.0.40219.1
Project("{54A90642-561A-4BB1-A94E-469ADEE60C69}") = "mea.client", "mea.client\mea.client.esproj", "{3699CF10-D01A-43BA-8DCF-15869C768B8E}"
EndProject
Project("{FAE04EC0-301F-11D3-BF4B-00C04F79EFBC}") = "MEA.Server", "MEA.Server\MEA.Server.csproj", "{EAC6E04B-ADFA-45A7-BA80-94377EF979AE}"
EndProject
Global
	GlobalSection(SolutionConfigurationPlatforms) = preSolution
		Debug|Any CPU = Debug|Any CPU
		Release|Any CPU = Release|Any CPU
	EndGlobalSection
	GlobalSection(ProjectConfigurationPlatforms) = postSolution
		{3699CF10-D01A-43BA-8DCF-15869C768B8E}.Debug|Any CPU.ActiveCfg = Debug|Any CPU
		{3699CF10-D01A-43BA-8DCF-15869C768B8E}.Debug|Any CPU.Build.0 = Debug|Any CPU
		{3699CF10-D01A-43BA-8DCF-15869C768B8E}.Debug|Any CPU.Deploy.0 = Debug|Any CPU
		{3699CF10-D01A-43BA-8DCF-15869C768B8E}.Release|Any CPU.ActiveCfg = Release|Any CPU
		{3699CF10-D01A-43BA-8DCF-15869C768B8E}.Release|Any CPU.Build.0 = Release|Any CPU
		{3699CF10-D01A-43BA-8DCF-15869C768B8E}.Release|Any CPU.Deploy.0 = Release|Any CPU
		{EAC6E04B-ADFA-45A7-BA80-94377EF979AE}.Debug|Any CPU.ActiveCfg = Debug|Any CPU
		{EAC6E04B-ADFA-45A7-BA80-94377EF979AE}.Debug|Any CPU.Build.0 = Debug|Any CPU
		{EAC6E04B-ADFA-45A7-BA80-94377EF979AE}.Release|Any CPU.ActiveCfg = Release|Any CPU
		{EAC6E04B-ADFA-45A7-BA80-94377EF979AE}.Release|Any CPU.Build.0 = Release|Any CPU
	EndGlobalSection
	GlobalSection(SolutionProperties) = preSolution
		HideSolutionNode = FALSE
	EndGlobalSection
	GlobalSection(ExtensibilityGlobals) = postSolution
		SolutionGuid = {DEAD91B9-3130-4E84-9E5F-2500011623C9}
	EndGlobalSection
EndGlobal
